
Microsoft Visual Studio Solution File, Format Version 12.00
# Visual Studio 15
VisualStudioVersion = 15.0.28307.271
MinimumVisualStudioVersion = 10.0.40219.1
Project("{9A19103F-16F7-4668-BE54-9A1E7A4F7556}") = "Outreach.Reporting.Business", "Outreach.Reporting.Business\Outreach.Reporting.Business.csproj", "{DBC088C8-2B6C-44C2-A0D3-A522098E0C4C}"
EndProject
Project("{9A19103F-16F7-4668-BE54-9A1E7A4F7556}") = "Outreach.Reporting.Data", "Outreach.Reporting.Data\Outreach.Reporting.Data.csproj", "{19F9B407-D423-471D-BC49-7F54F9520FF5}"
EndProject
Project("{9A19103F-16F7-4668-BE54-9A1E7A4F7556}") = "Outreach.Reporting.Entity", "Outreach.Reporting.Entity\Outreach.Reporting.Entity.csproj", "{F6A8BF55-B809-4B4E-8F2F-E345F36B76B8}"
EndProject
Project("{FAE04EC0-301F-11D3-BF4B-00C04F79EFBC}") = "Reporting.Performance.Test", "Reporting.Performance.Test\Reporting.Performance.Test.csproj", "{F62D782B-FBD0-40A6-8BA6-7C697CCA4B86}"
EndProject
Project("{2150E333-8FDC-42A3-9474-1A3956D46DE8}") = "Solution Items", "Solution Items", "{EAA630F4-A610-44C8-A0EC-80129795D8E8}"
	ProjectSection(SolutionItems) = preProject
		Local.testsettings = Local.testsettings
	EndProjectSection
EndProject
Project("{9A19103F-16F7-4668-BE54-9A1E7A4F7556}") = "UnitTest", "Reporting.Test\UnitTest.csproj", "{49349B1C-49DC-4CBD-BCC9-A1B7155F4F83}"
EndProject
Project("{9A19103F-16F7-4668-BE54-9A1E7A4F7556}") = "RepositoryTest", "RepositoryTest\RepositoryTest.csproj", "{50F7675A-976E-4DDC-8BBE-7B322430B96F}"
EndProject
Project("{FAE04EC0-301F-11D3-BF4B-00C04F79EFBC}") = "Outreach.Reporting.Api", "Outreach.Reporting.Api\Outreach.Reporting.Api.csproj", "{981C261D-A3A2-4000-87D4-9B886C5CBF75}"
EndProject
Global
	GlobalSection(SolutionConfigurationPlatforms) = preSolution
		Debug|Any CPU = Debug|Any CPU
		Release|Any CPU = Release|Any CPU
	EndGlobalSection
	GlobalSection(ProjectConfigurationPlatforms) = postSolution
		{DBC088C8-2B6C-44C2-A0D3-A522098E0C4C}.Debug|Any CPU.ActiveCfg = Debug|Any CPU
		{DBC088C8-2B6C-44C2-A0D3-A522098E0C4C}.Debug|Any CPU.Build.0 = Debug|Any CPU
		{DBC088C8-2B6C-44C2-A0D3-A522098E0C4C}.Release|Any CPU.ActiveCfg = Release|Any CPU
		{DBC088C8-2B6C-44C2-A0D3-A522098E0C4C}.Release|Any CPU.Build.0 = Release|Any CPU
		{19F9B407-D423-471D-BC49-7F54F9520FF5}.Debug|Any CPU.ActiveCfg = Debug|Any CPU
		{19F9B407-D423-471D-BC49-7F54F9520FF5}.Debug|Any CPU.Build.0 = Debug|Any CPU
		{19F9B407-D423-471D-BC49-7F54F9520FF5}.Release|Any CPU.ActiveCfg = Release|Any CPU
		{19F9B407-D423-471D-BC49-7F54F9520FF5}.Release|Any CPU.Build.0 = Release|Any CPU
		{F6A8BF55-B809-4B4E-8F2F-E345F36B76B8}.Debug|Any CPU.ActiveCfg = Debug|Any CPU
		{F6A8BF55-B809-4B4E-8F2F-E345F36B76B8}.Debug|Any CPU.Build.0 = Debug|Any CPU
		{F6A8BF55-B809-4B4E-8F2F-E345F36B76B8}.Release|Any CPU.ActiveCfg = Release|Any CPU
		{F6A8BF55-B809-4B4E-8F2F-E345F36B76B8}.Release|Any CPU.Build.0 = Release|Any CPU
		{F62D782B-FBD0-40A6-8BA6-7C697CCA4B86}.Debug|Any CPU.ActiveCfg = Debug|Any CPU
		{F62D782B-FBD0-40A6-8BA6-7C697CCA4B86}.Debug|Any CPU.Build.0 = Debug|Any CPU
		{F62D782B-FBD0-40A6-8BA6-7C697CCA4B86}.Release|Any CPU.ActiveCfg = Release|Any CPU
		{F62D782B-FBD0-40A6-8BA6-7C697CCA4B86}.Release|Any CPU.Build.0 = Release|Any CPU
		{49349B1C-49DC-4CBD-BCC9-A1B7155F4F83}.Debug|Any CPU.ActiveCfg = Debug|Any CPU
		{49349B1C-49DC-4CBD-BCC9-A1B7155F4F83}.Debug|Any CPU.Build.0 = Debug|Any CPU
		{49349B1C-49DC-4CBD-BCC9-A1B7155F4F83}.Release|Any CPU.ActiveCfg = Release|Any CPU
		{49349B1C-49DC-4CBD-BCC9-A1B7155F4F83}.Release|Any CPU.Build.0 = Release|Any CPU
		{50F7675A-976E-4DDC-8BBE-7B322430B96F}.Debug|Any CPU.ActiveCfg = Debug|Any CPU
		{50F7675A-976E-4DDC-8BBE-7B322430B96F}.Debug|Any CPU.Build.0 = Debug|Any CPU
		{50F7675A-976E-4DDC-8BBE-7B322430B96F}.Release|Any CPU.ActiveCfg = Release|Any CPU
		{50F7675A-976E-4DDC-8BBE-7B322430B96F}.Release|Any CPU.Build.0 = Release|Any CPU
		{981C261D-A3A2-4000-87D4-9B886C5CBF75}.Debug|Any CPU.ActiveCfg = Debug|Any CPU
		{981C261D-A3A2-4000-87D4-9B886C5CBF75}.Debug|Any CPU.Build.0 = Debug|Any CPU
		{981C261D-A3A2-4000-87D4-9B886C5CBF75}.Release|Any CPU.ActiveCfg = Release|Any CPU
		{981C261D-A3A2-4000-87D4-9B886C5CBF75}.Release|Any CPU.Build.0 = Release|Any CPU
	EndGlobalSection
	GlobalSection(SolutionProperties) = preSolution
		HideSolutionNode = FALSE
	EndGlobalSection
	GlobalSection(ExtensibilityGlobals) = postSolution
		SolutionGuid = {98E007B4-9740-4A0E-9C3E-A2183BD25D67}
	EndGlobalSection
EndGlobal
